
Microsoft Visual Studio Solution File, Format Version 12.00
# Visual Studio Version 17
VisualStudioVersion = 17.2.32526.322
MinimumVisualStudioVersion = 10.0.40219.1
Project("{FAE04EC0-301F-11D3-BF4B-00C04F79EFBC}") = "CSharpHints", "CSharpHints.csproj", "{ACDEA484-CA1C-4A4C-A813-03E53DD65713}"
EndProject
Global
	GlobalSection(SolutionConfigurationPlatforms) = preSolution
		Debug|Any CPU = Debug|Any CPU
		Release|Any CPU = Release|Any CPU
	EndGlobalSection
	GlobalSection(ProjectConfigurationPlatforms) = postSolution
		{ACDEA484-CA1C-4A4C-A813-03E53DD65713}.Debug|Any CPU.ActiveCfg = Debug|Any CPU
		{ACDEA484-CA1C-4A4C-A813-03E53DD65713}.Debug|Any CPU.Build.0 = Debug|Any CPU
		{ACDEA484-CA1C-4A4C-A813-03E53DD65713}.Release|Any CPU.ActiveCfg = Release|Any CPU
		{ACDEA484-CA1C-4A4C-A813-03E53DD65713}.Release|Any CPU.Build.0 = Release|Any CPU
	EndGlobalSection
	GlobalSection(SolutionProperties) = preSolution
		HideSolutionNode = FALSE
	EndGlobalSection
	GlobalSection(ExtensibilityGlobals) = postSolution
		SolutionGuid = {DCEDD5D8-06AD-44E9-80D3-C6D5679E0CAA}
	EndGlobalSection
EndGlobal
